
Microsoft Visual Studio Solution File, Format Version 12.00
# Visual Studio Version 16
VisualStudioVersion = 16.0.32428.249
MinimumVisualStudioVersion = 10.0.40219.1
Project("{FAE04EC0-301F-11D3-BF4B-00C04F79EFBC}") = "crudoperation", "crudoperation\crudoperation.csproj", "{7F987DAA-1C5B-4D0D-8F03-954BAA821FC5}"
EndProject
Global
	GlobalSection(SolutionConfigurationPlatforms) = preSolution
		Debug|Any CPU = Debug|Any CPU
		Release|Any CPU = Release|Any CPU
	EndGlobalSection
	GlobalSection(ProjectConfigurationPlatforms) = postSolution
		{7F987DAA-1C5B-4D0D-8F03-954BAA821FC5}.Debug|Any CPU.ActiveCfg = Debug|Any CPU
		{7F987DAA-1C5B-4D0D-8F03-954BAA821FC5}.Debug|Any CPU.Build.0 = Debug|Any CPU
		{7F987DAA-1C5B-4D0D-8F03-954BAA821FC5}.Release|Any CPU.ActiveCfg = Release|Any CPU
		{7F987DAA-1C5B-4D0D-8F03-954BAA821FC5}.Release|Any CPU.Build.0 = Release|Any CPU
	EndGlobalSection
	GlobalSection(SolutionProperties) = preSolution
		HideSolutionNode = FALSE
	EndGlobalSection
	GlobalSection(ExtensibilityGlobals) = postSolution
		SolutionGuid = {D3C04A07-71E9-49B8-9B0B-846A02400060}
	EndGlobalSection
EndGlobal
